
Microsoft Visual Studio Solution File, Format Version 12.00
# Visual Studio Version 16
VisualStudioVersion = 16.0.29911.84
MinimumVisualStudioVersion = 10.0.40219.1
Project("{FAE04EC0-301F-11D3-BF4B-00C04F79EFBC}") = "CaptionContestWebApi", "CaptionContestWebApi.csproj", "{4D6F00D0-E9A8-4FF3-958C-E21DAFE8568B}"
EndProject
Global
	GlobalSection(SolutionConfigurationPlatforms) = preSolution
		Debug|Any CPU = Debug|Any CPU
		Release|Any CPU = Release|Any CPU
	EndGlobalSection
	GlobalSection(ProjectConfigurationPlatforms) = postSolution
		{4D6F00D0-E9A8-4FF3-958C-E21DAFE8568B}.Debug|Any CPU.ActiveCfg = Debug|Any CPU
		{4D6F00D0-E9A8-4FF3-958C-E21DAFE8568B}.Debug|Any CPU.Build.0 = Debug|Any CPU
		{4D6F00D0-E9A8-4FF3-958C-E21DAFE8568B}.Release|Any CPU.ActiveCfg = Release|Any CPU
		{4D6F00D0-E9A8-4FF3-958C-E21DAFE8568B}.Release|Any CPU.Build.0 = Release|Any CPU
	EndGlobalSection
	GlobalSection(SolutionProperties) = preSolution
		HideSolutionNode = FALSE
	EndGlobalSection
	GlobalSection(ExtensibilityGlobals) = postSolution
		SolutionGuid = {5D5C44DE-9372-41A6-B8D1-7800924ABC93}
	EndGlobalSection
EndGlobal
